
Microsoft Visual Studio Solution File, Format Version 12.00
# Visual Studio Version 17
VisualStudioVersion = 17.8.0.0
MinimumVisualStudioVersion = 17.8.0.0
Project("{9A19103F-16F7-4668-BE54-9A1E7A4F7556}") = "Aspire.Basis.AppHost", "Aspire.Basis.AppHost\Aspire.Basis.AppHost.csproj", "{DB36D514-C388-4FBD-A086-88AC5312B391}"
EndProject
Project("{9A19103F-16F7-4668-BE54-9A1E7A4F7556}") = "Aspire.Basis.ServiceDefaults", "Aspire.Basis.ServiceDefaults\Aspire.Basis.ServiceDefaults.csproj", "{264F628C-9C02-4BEE-8538-17AA025B273F}"
EndProject
Project("{2150E333-8FDC-42A3-9474-1A3956D46DE8}") = "Web", "Web", "{5247948B-1772-4BBA-A5F5-D34BCD9315C9}"
EndProject
Project("{FAE04EC0-301F-11D3-BF4B-00C04F79EFBC}") = "Web.Server", "Web\Web.Server\Web.Server.csproj", "{C7BB02BB-C445-47FE-A97E-3105F2FCE961}"
EndProject
Project("{FAE04EC0-301F-11D3-BF4B-00C04F79EFBC}") = "Yarp", "Yarp\Yarp.csproj", "{AE4D681B-D949-4648-9CB8-D3417EDA01BF}"
EndProject
Project("{FAE04EC0-301F-11D3-BF4B-00C04F79EFBC}") = "SharedClasses", "SharedClasses\SharedClasses.csproj", "{A1E9EEE0-03E4-4AEE-A278-67BE53B85BCA}"
EndProject
Project("{2150E333-8FDC-42A3-9474-1A3956D46DE8}") = "SolutionFiles", "SolutionFiles", "{02EA681E-C7D8-13C7-8484-4AC65E1B71E8}"
	ProjectSection(SolutionItems) = preProject
		.gitignore = .gitignore
		Directory.Build.props = Directory.Build.props
		Directory.Packages.props = Directory.Packages.props
		nuget.config = nuget.config
		readme.md = readme.md
	EndProjectSection
EndProject
Project("{54A90642-561A-4BB1-A94E-469ADEE60C69}") = "Web.Client", "Web\Web.Client\Web.Client.esproj", "{86C51E2A-D809-CCC5-FBA9-FA957A113F34}"
EndProject
Global
	GlobalSection(SolutionConfigurationPlatforms) = preSolution
		Debug|Any CPU = Debug|Any CPU
		Release|Any CPU = Release|Any CPU
	EndGlobalSection
	GlobalSection(ProjectConfigurationPlatforms) = postSolution
		{DB36D514-C388-4FBD-A086-88AC5312B391}.Debug|Any CPU.ActiveCfg = Debug|Any CPU
		{DB36D514-C388-4FBD-A086-88AC5312B391}.Debug|Any CPU.Build.0 = Debug|Any CPU
		{DB36D514-C388-4FBD-A086-88AC5312B391}.Release|Any CPU.ActiveCfg = Release|Any CPU
		{DB36D514-C388-4FBD-A086-88AC5312B391}.Release|Any CPU.Build.0 = Release|Any CPU
		{264F628C-9C02-4BEE-8538-17AA025B273F}.Debug|Any CPU.ActiveCfg = Debug|Any CPU
		{264F628C-9C02-4BEE-8538-17AA025B273F}.Debug|Any CPU.Build.0 = Debug|Any CPU
		{264F628C-9C02-4BEE-8538-17AA025B273F}.Release|Any CPU.ActiveCfg = Release|Any CPU
		{264F628C-9C02-4BEE-8538-17AA025B273F}.Release|Any CPU.Build.0 = Release|Any CPU
		{C7BB02BB-C445-47FE-A97E-3105F2FCE961}.Debug|Any CPU.ActiveCfg = Debug|Any CPU
		{C7BB02BB-C445-47FE-A97E-3105F2FCE961}.Debug|Any CPU.Build.0 = Debug|Any CPU
		{C7BB02BB-C445-47FE-A97E-3105F2FCE961}.Release|Any CPU.ActiveCfg = Release|Any CPU
		{C7BB02BB-C445-47FE-A97E-3105F2FCE961}.Release|Any CPU.Build.0 = Release|Any CPU
		{AE4D681B-D949-4648-9CB8-D3417EDA01BF}.Debug|Any CPU.ActiveCfg = Debug|Any CPU
		{AE4D681B-D949-4648-9CB8-D3417EDA01BF}.Debug|Any CPU.Build.0 = Debug|Any CPU
		{AE4D681B-D949-4648-9CB8-D3417EDA01BF}.Release|Any CPU.ActiveCfg = Release|Any CPU
		{AE4D681B-D949-4648-9CB8-D3417EDA01BF}.Release|Any CPU.Build.0 = Release|Any CPU
		{A1E9EEE0-03E4-4AEE-A278-67BE53B85BCA}.Debug|Any CPU.ActiveCfg = Debug|Any CPU
		{A1E9EEE0-03E4-4AEE-A278-67BE53B85BCA}.Debug|Any CPU.Build.0 = Debug|Any CPU
		{A1E9EEE0-03E4-4AEE-A278-67BE53B85BCA}.Release|Any CPU.ActiveCfg = Release|Any CPU
		{A1E9EEE0-03E4-4AEE-A278-67BE53B85BCA}.Release|Any CPU.Build.0 = Release|Any CPU
		{86C51E2A-D809-CCC5-FBA9-FA957A113F34}.Debug|Any CPU.ActiveCfg = Debug|Any CPU
		{86C51E2A-D809-CCC5-FBA9-FA957A113F34}.Debug|Any CPU.Build.0 = Debug|Any CPU
		{86C51E2A-D809-CCC5-FBA9-FA957A113F34}.Debug|Any CPU.Deploy.0 = Debug|Any CPU
		{86C51E2A-D809-CCC5-FBA9-FA957A113F34}.Release|Any CPU.ActiveCfg = Release|Any CPU
		{86C51E2A-D809-CCC5-FBA9-FA957A113F34}.Release|Any CPU.Build.0 = Release|Any CPU
		{86C51E2A-D809-CCC5-FBA9-FA957A113F34}.Release|Any CPU.Deploy.0 = Release|Any CPU
	EndGlobalSection
	GlobalSection(SolutionProperties) = preSolution
		HideSolutionNode = FALSE
	EndGlobalSection
	GlobalSection(NestedProjects) = preSolution
		{C7BB02BB-C445-47FE-A97E-3105F2FCE961} = {5247948B-1772-4BBA-A5F5-D34BCD9315C9}
		{86C51E2A-D809-CCC5-FBA9-FA957A113F34} = {5247948B-1772-4BBA-A5F5-D34BCD9315C9}
	EndGlobalSection
	GlobalSection(ExtensibilityGlobals) = postSolution
		SolutionGuid = {1656A591-4BAD-4E50-9A74-AE8D3A628764}
	EndGlobalSection
EndGlobal
